# THIS IS AN AUTOGENERATED FILE. DO NOT EDIT THIS FILE DIRECTLY.
# yarn lockfile v1


"@napi-rs/triples@^1.0.3":
  version "1.0.3"
  resolved "https://registry.yarnpkg.com/@napi-rs/triples/-/triples-1.0.3.tgz#76d6d0c3f4d16013c61e45dfca5ff1e6c31ae53c"
  integrity sha512-jDJTpta+P4p1NZTFVLHJ/TLFVYVcOqv6l8xwOeBKNPMgY/zDYH/YH7SJbvrr/h1RcS9GzbPcLKGzpuK9cV56UA==

"@node-rs/helper@^1.0.0":
  version "1.2.1"
  resolved "https://registry.yarnpkg.com/@node-rs/helper/-/helper-1.2.1.tgz#e079b05f21ff4329d82c4e1f71c0290e4ecdc70c"
  integrity sha512-R5wEmm8nbuQU0YGGmYVjEc0OHtYsuXdpRG+Ut/3wZ9XAvQWyThN08bTh2cBJgoZxHQUPtvRfeQuxcAgLuiBISg==
  dependencies:
    "@napi-rs/triples" "^1.0.3"

"@rollup/pluginutils@^4.1.0":
  version "4.1.1"
  resolved "https://registry.yarnpkg.com/@rollup/pluginutils/-/pluginutils-4.1.1.tgz#1d4da86dd4eded15656a57d933fda2b9a08d47ec"
  integrity sha512-clDjivHqWGXi7u+0d2r2sBi4Ie6VLEAzWMIkvJLnDmxoOhBYOTfzGbOQBA32THHm11/LiJbd01tJUpJsbshSWQ==
  dependencies:
    estree-walker "^2.0.1"
    picomatch "^2.2.2"

"@swc/core-android-arm64@^1.2.88":
  version "1.2.88"
  resolved "https://registry.yarnpkg.com/@swc/core-android-arm64/-/core-android-arm64-1.2.88.tgz#ecd527a7e07285501f3d004ced8743d2e9092409"
  integrity sha512-XuQIPCRVMHgdVKkIUj5ZQps0VhgopreZgq6dYpTOIf5bHtxvaIMOWFQUkJs1+YacjCskFMUo7t876VCEqZFOhQ==

"@swc/core-darwin-arm64@^1.2.88":
  version "1.2.88"
  resolved "https://registry.yarnpkg.com/@swc/core-darwin-arm64/-/core-darwin-arm64-1.2.88.tgz#c0f89591f16c6dace26a7e58d7934d69aadffe65"
  integrity sha512-tzzNfGrMk7W6P3HuROHL4AJ4KzJMJJCb3/Ghi8l1ldzNCAfdTWRvbP1hv4aaOt5Lejzx40Gyt4tieHLRPUGNEQ==

"@swc/core-darwin-x64@^1.2.88":
  version "1.2.88"
  resolved "https://registry.yarnpkg.com/@swc/core-darwin-x64/-/core-darwin-x64-1.2.88.tgz#ce2cf970fc748f32a0a8200cfd82ca314686c1ac"
  integrity sha512-illK43lA2Y36NL1cZfutYz/Iu2cWoJt2hveu7uJpy9xdkyjHG4qP+blt8lrNMRlveekFsU46tN566RSEDJ3snw==

"@swc/core-freebsd-x64@^1.2.88":
  version "1.2.88"
  resolved "https://registry.yarnpkg.com/@swc/core-freebsd-x64/-/core-freebsd-x64-1.2.88.tgz#bfa66de4469466a2684c24ad0c4e2fd771d98703"
  integrity sha512-KQIX5PqhFMlf+qhvmRmQukGdhOY9QRBgt/GVmc4H9NUX78mHDONdraKhNFXJ26bLIJXMFRlnOqE4GQCDgbAAyg==

"@swc/core-linux-arm-gnueabihf@^1.2.88":
  version "1.2.88"
  resolved "https://registry.yarnpkg.com/@swc/core-linux-arm-gnueabihf/-/core-linux-arm-gnueabihf-1.2.88.tgz#9f13e9fca1f73e92105a559be253bab639fe4713"
  integrity sha512-z+bRlZ2VW5ap8tri0vpC8cBtROmvOujOfWVuFhkdx6/+XoyPKEsZJBdW3Z1CSB1eXz4kvtGBGBgOTCNj8i7T1Q==

"@swc/core-linux-arm64-gnu@^1.2.88":
  version "1.2.88"
  resolved "https://registry.yarnpkg.com/@swc/core-linux-arm64-gnu/-/core-linux-arm64-gnu-1.2.88.tgz#df6c86c3ba7985ec2c5723dde514804b09a6ab79"
  integrity sha512-PxL3zZYE1ktGfwqHqt139oFpg5AzIaExPT1X7UC85+RLiMUuRsfKUNTJgzMkZDfPhV/Crjx5BiBrUfOp9KLzdQ==

"@swc/core-linux-arm64-musl@^1.2.88":
  version "1.2.88"
  resolved "https://registry.yarnpkg.com/@swc/core-linux-arm64-musl/-/core-linux-arm64-musl-1.2.88.tgz#a6ea5da02a154527b4f2e5042cb5923f288b2836"
  integrity sha512-/M9Sb+ETGS4HUZYagQ0gr50yPrDPSaZKdCRlrVfD/GWvpJNvzu/8ILOiR/e2saSQE1vTPFbu+sYjUBaYavtucQ==

"@swc/core-linux-x64-gnu@^1.2.88":
  version "1.2.88"
  resolved "https://registry.yarnpkg.com/@swc/core-linux-x64-gnu/-/core-linux-x64-gnu-1.2.88.tgz#e3113b7882d5d8547774597f331371241d0c0cba"
  integrity sha512-dKCfYQjI+9L62DCXycJS/hBRd6Ta5KOauK7rNk1Md09QoK1ozAtK0t5WSS6qJV6Qz+McGx0DT363VRRsUxItNw==

"@swc/core-linux-x64-musl@^1.2.88":
  version "1.2.88"
  resolved "https://registry.yarnpkg.com/@swc/core-linux-x64-musl/-/core-linux-x64-musl-1.2.88.tgz#99cf927398dc8605412d97b4624d4a0f7eca12c8"
  integrity sha512-IgIdLA5xBaAx6VnaxEHtHzumeuVtPTOIneDX7vqLMVf87VF5QzqXNj/PXbRtnutE2Yw0lDoslkz/ABmKWtyiEA==

"@swc/core-win32-arm64-msvc@^1.2.88":
  version "1.2.88"
  resolved "https://registry.yarnpkg.com/@swc/core-win32-arm64-msvc/-/core-win32-arm64-msvc-1.2.88.tgz#b4b59028d7872892bfdeae08156c31cefaf2992a"
  integrity sha512-cDaYQaSQvTacadfszmzs/ekfEaoLYlK1Pdgc03AUiJFRwPekMQ3i9jsDqPzwttML1FDlLPgkJJHy6FLKuc2omw==

"@swc/core-win32-ia32-msvc@^1.2.88":
  version "1.2.88"
  resolved "https://registry.yarnpkg.com/@swc/core-win32-ia32-msvc/-/core-win32-ia32-msvc-1.2.88.tgz#5096c985a4c280cfc5bf18d46604c24c59a280fd"
  integrity sha512-4vkyxjmk/zt8GQPfLos1X4BX0W/VudBlVwLU9L4OmuloDhNCdVCEAc2o36Hgw3Q338VrM46xWQ+fB/cPIJEfgg==

"@swc/core-win32-x64-msvc@^1.2.88":
  version "1.2.88"
  resolved "https://registry.yarnpkg.com/@swc/core-win32-x64-msvc/-/core-win32-x64-msvc-1.2.88.tgz#a42ce013e5690d311fb7eb4ca29e404a0f8c8973"
  integrity sha512-8+LhfWO4ytIc2voKbAhd3j6hypdpWDM0xODzrXPceZ3MI91NUyBTSk7o2R+PpOgpyXNmmz9ATQ7EM0BgZGeAAw==

"@swc/core@^1.2.76":
  version "1.2.88"
  resolved "https://registry.yarnpkg.com/@swc/core/-/core-1.2.88.tgz#6a866d7a3020ef35eb0f1662635a5e2d0ca5683b"
  integrity sha512-CTnMGafEKEG8404Av9bKpffUVdKedYrmRPsQShJNg6wY7dPltbqsNcZUuC+8b1lQzY8axG4ypemxNAnOYtbwfg==
  dependencies:
    "@node-rs/helper" "^1.0.0"
  optionalDependencies:
    "@swc/core-android-arm64" "^1.2.88"
    "@swc/core-darwin-arm64" "^1.2.88"
    "@swc/core-darwin-x64" "^1.2.88"
    "@swc/core-freebsd-x64" "^1.2.88"
    "@swc/core-linux-arm-gnueabihf" "^1.2.88"
    "@swc/core-linux-arm64-gnu" "^1.2.88"
    "@swc/core-linux-arm64-musl" "^1.2.88"
    "@swc/core-linux-x64-gnu" "^1.2.88"
    "@swc/core-linux-x64-musl" "^1.2.88"
    "@swc/core-win32-arm64-msvc" "^1.2.88"
    "@swc/core-win32-ia32-msvc" "^1.2.88"
    "@swc/core-win32-x64-msvc" "^1.2.88"

"@trpc/server@^9.6.1":
  version "9.6.1"
  resolved "https://registry.yarnpkg.com/@trpc/server/-/server-9.6.1.tgz#fef104b3f99abffcd48470febba76c17107ecceb"
  integrity sha512-TPeENsd680tNyTymcVeOBMtiNpExurx5TFuli+yWf035vTEWS1ltIfF+bM+j25Q71T7wZ9G/sxlkpoCU5d75Cw==
  dependencies:
    tslib "^2.1.0"

"@types/node@^16.9.2":
  version "16.9.2"
  resolved "https://registry.yarnpkg.com/@types/node/-/node-16.9.2.tgz#81f5a039d6ed1941f8cc57506c74e7c2b8fc64b9"
  integrity sha512-ZHty/hKoOLZvSz6BtP1g7tc7nUeJhoCf3flLjh8ZEv1vFKBWHXcnMbJMyN/pftSljNyy0kNW/UqI3DccnBnZ8w==

ansi-styles@^4.1.0:
  version "4.3.0"
  resolved "https://registry.yarnpkg.com/ansi-styles/-/ansi-styles-4.3.0.tgz#edd803628ae71c04c85ae7a0906edad34b648937"
  integrity sha512-zbB9rCJAT1rbjiVDb2hqKFHNYLxgtk8NURxZ3IZwD3F6NtxbXZQCnnSi1Lkx+IDohdPlFp222wVALIheZJQSEg==
  dependencies:
    color-convert "^2.0.1"

chalk@^4.1.0:
  version "4.1.2"
  resolved "https://registry.yarnpkg.com/chalk/-/chalk-4.1.2.tgz#aac4e2b7734a740867aeb16bf02aad556a1e7a01"
  integrity sha512-oKnbhFyRIXpUuez8iBMmyEa4nbj4IOQyuhc/wy9kY7/WVPcwIO9VA668Pu8RkO7+0G76SLROeyw9CpQ061i4mA==
  dependencies:
    ansi-styles "^4.1.0"
    supports-color "^7.1.0"

color-convert@^2.0.1:
  version "2.0.1"
  resolved "https://registry.yarnpkg.com/color-convert/-/color-convert-2.0.1.tgz#72d3a68d598c9bdb3af2ad1e84f21d896abd4de3"
  integrity sha512-RRECPsj7iu/xb5oKYcsFHSppFNnsj/52OVTRKb4zP5onXwVF3zVmmToNcOfGC+CRDpfK/U584fMg38ZHCaElKQ==
  dependencies:
    color-name "~1.1.4"

color-name@~1.1.4:
  version "1.1.4"
  resolved "https://registry.yarnpkg.com/color-name/-/color-name-1.1.4.tgz#c2a09a87acbde69543de6f63fa3995c826c536a2"
  integrity sha512-dOy+3AuW3a2wNbZHIuMZpTcgjGuLU/uBL/ubcZF9OXbDo8ff4O8yVp5Bf0efS8uEoYo5q4Fx7dY9OgQGXgAsQA==

colorette@^1.2.2:
  version "1.4.0"
  resolved "https://registry.yarnpkg.com/colorette/-/colorette-1.4.0.tgz#5190fbb87276259a86ad700bff2c6d6faa3fca40"
  integrity sha512-Y2oEozpomLn7Q3HFP7dpww7AtMJplbM9lGZP6RDfHqmbeRjiwRg4n6VM6j4KLmRke85uWEI7JqF17f3pqdRA0g==

debug@^4.3.1:
  version "4.3.2"
  resolved "https://registry.yarnpkg.com/debug/-/debug-4.3.2.tgz#f0a49c18ac8779e31d4a0c6029dfb76873c7428b"
  integrity sha512-mOp8wKcvj7XxC78zLgw/ZA+6TSgkoE2C/ienthhRD298T7UNwAg9diBpLRxC0mOezLl4B0xV7M0cCO6P/O0Xhw==
  dependencies:
    ms "2.1.2"

esbuild@^0.12.17:
  version "0.12.28"
  resolved "https://registry.yarnpkg.com/esbuild/-/esbuild-0.12.28.tgz#84da0d2a0d0dee181281545271e0d65cf6fab1ef"
  integrity sha512-pZ0FrWZXlvQOATlp14lRSk1N9GkeJ3vLIwOcUoo3ICQn9WNR4rWoNi81pbn6sC1iYUy7QPqNzI3+AEzokwyVcA==

estree-walker@^2.0.1:
  version "2.0.2"
  resolved "https://registry.yarnpkg.com/estree-walker/-/estree-walker-2.0.2.tgz#52f010178c2a4c117a7757cfe942adb7d2da4cac"
  integrity sha512-Rfkk/Mp/DL7JVje3u18FxFujQlTNR2q6QfMSMB7AvCBx91NGj/ba3kCfza0f6dVDbw7YlRf/nDrn7pQrCCyQ/w==

fsevents@~2.3.2:
  version "2.3.2"
  resolved "https://registry.yarnpkg.com/fsevents/-/fsevents-2.3.2.tgz#8a526f78b8fdf4623b709e0b975c52c24c02fd1a"
  integrity sha512-xiqMQR4xAeHTuB9uWm+fFRcIOgKBMiOBP+eXiyT7jsgVCq1bkVygt00oASowB7EdtpOHaaPgKt812P9ab+DDKA==

function-bind@^1.1.1:
  version "1.1.1"
  resolved "https://registry.yarnpkg.com/function-bind/-/function-bind-1.1.1.tgz#a56899d3ea3c9bab874bb9773b7c5ede92f4895d"
  integrity sha512-yIovAzMX49sF8Yl58fSCWJ5svSLuaibPxXQJFLmBObTuCr0Mf1KiPopGM9NiFjiYBCbfaa2Fh6breQ6ANVTI0A==

has-flag@^4.0.0:
  version "4.0.0"
  resolved "https://registry.yarnpkg.com/has-flag/-/has-flag-4.0.0.tgz#944771fd9c81c81265c4d6941860da06bb59479b"
  integrity sha512-EykJT/Q1KjTWctppgIAgfSO0tKVuZUjhgMr17kqTumMl6Afv3EISleU7qZUzoXDFTAHTDC4NOoG/ZxU3EvlMPQ==

has@^1.0.3:
  version "1.0.3"
  resolved "https://registry.yarnpkg.com/has/-/has-1.0.3.tgz#722d7cbfc1f6aa8241f16dd814e011e1f41e8796"
  integrity sha512-f2dvO0VU6Oej7RkWJGrehjbzMAjFp5/VKPp5tTpWIV4JHHZK1/BxbFRtf/siA2SWTe09caDmVtYYzWEIbBS4zw==
  dependencies:
    function-bind "^1.1.1"

is-core-module@^2.2.0:
  version "2.6.0"
  resolved "https://registry.yarnpkg.com/is-core-module/-/is-core-module-2.6.0.tgz#d7553b2526fe59b92ba3e40c8df757ec8a709e19"
  integrity sha512-wShG8vs60jKfPWpF2KZRaAtvt3a20OAn7+IJ6hLPECpSABLcKtFKTTI4ZtH5QcBruBHlq+WsdHWyz0BCZW7svQ==
  dependencies:
    has "^1.0.3"

ms@2.1.2:
  version "2.1.2"
  resolved "https://registry.yarnpkg.com/ms/-/ms-2.1.2.tgz#d09d1f357b443f493382a8eb3ccd183872ae6009"
  integrity sha512-sGkPx+VjMtmA6MX27oA4FBFELFCZZ4S4XqeGOXCv68tT+jb3vk/RyaKWP0PTKyWtmLSM0b+adUTEvbs1PEaH2w==

nanoid@^3.1.23:
  version "3.1.25"
  resolved "https://registry.yarnpkg.com/nanoid/-/nanoid-3.1.25.tgz#09ca32747c0e543f0e1814b7d3793477f9c8e152"
  integrity sha512-rdwtIXaXCLFAQbnfqDRnI6jaRHp9fTcYBjtFKE8eezcZ7LuLjhUaQGNeMXf1HmRoCH32CLz6XwX0TtxEOS/A3Q==

path-parse@^1.0.6:
  version "1.0.7"
  resolved "https://registry.yarnpkg.com/path-parse/-/path-parse-1.0.7.tgz#fbc114b60ca42b30d9daf5858e4bd68bbedb6735"
  integrity sha512-LDJzPVEEEPR+y48z93A0Ed0yXb8pAByGWo/k5YYdYgpY2/2EsOsksJrq7lOHxryrVOn1ejG6oAp8ahvOIQD8sw==

picomatch@^2.2.2:
  version "2.3.0"
  resolved "https://registry.yarnpkg.com/picomatch/-/picomatch-2.3.0.tgz#f1f061de8f6a4bf022892e2d128234fb98302972"
  integrity sha512-lY1Q/PiJGC2zOv/z391WOTD+Z02bCgsFfvxoXXf6h7kv9o+WmsmzYqrAwY63sNgOxE4xEdq0WyUnXfKeBrSvYw==

postcss@^8.3.6:
  version "8.3.6"
  resolved "https://registry.yarnpkg.com/postcss/-/postcss-8.3.6.tgz#2730dd76a97969f37f53b9a6096197be311cc4ea"
  integrity sha512-wG1cc/JhRgdqB6WHEuyLTedf3KIRuD0hG6ldkFEZNCjRxiC+3i6kkWUUbiJQayP28iwG35cEmAbe98585BYV0A==
  dependencies:
    colorette "^1.2.2"
    nanoid "^3.1.23"
    source-map-js "^0.6.2"

resolve@^1.20.0:
  version "1.20.0"
  resolved "https://registry.yarnpkg.com/resolve/-/resolve-1.20.0.tgz#629a013fb3f70755d6f0b7935cc1c2c5378b1975"
  integrity sha512-wENBPt4ySzg4ybFQW2TT1zMQucPK95HSh/nq2CFTZVOGut2+pQvSsgtda4d26YrYcr067wjbmzOG8byDPBX63A==
  dependencies:
    is-core-module "^2.2.0"
    path-parse "^1.0.6"

rollup@^2.38.5:
  version "2.56.3"
  resolved "https://registry.yarnpkg.com/rollup/-/rollup-2.56.3.tgz#b63edadd9851b0d618a6d0e6af8201955a77aeff"
  integrity sha512-Au92NuznFklgQCUcV96iXlxUbHuB1vQMaH76DHl5M11TotjOHwqk9CwcrT78+Tnv4FN9uTBxq6p4EJoYkpyekg==
  optionalDependencies:
    fsevents "~2.3.2"

source-map-js@^0.6.2:
  version "0.6.2"
  resolved "https://registry.yarnpkg.com/source-map-js/-/source-map-js-0.6.2.tgz#0bb5de631b41cfbda6cfba8bd05a80efdfd2385e"
  integrity sha512-/3GptzWzu0+0MBQFrDKzw/DvvMTUORvgY6k6jd/VS6iCR4RDTKWH6v6WPwQoUO8667uQEf9Oe38DxAYWY5F/Ug==

supports-color@^7.1.0:
  version "7.2.0"
  resolved "https://registry.yarnpkg.com/supports-color/-/supports-color-7.2.0.tgz#1b7dcdcb32b8138801b3e478ba6a51caa89648da"
  integrity sha512-qpCAvRl9stuOHveKsn7HncJRvv501qIacKzQlO/+Lwxc9+0q2wLyv4Dfvt80/DPn2pqOBsJdDiogXGR9+OvwRw==
  dependencies:
    has-flag "^4.0.0"

tslib@^2.1.0:
  version "2.3.1"
  resolved "https://registry.yarnpkg.com/tslib/-/tslib-2.3.1.tgz#e8a335add5ceae51aa261d32a490158ef042ef01"
  integrity sha512-77EbyPPpMz+FRFRuAFlWMtmgUWGe9UOG2Z25NqCwiIjRhOf5iKGuzSe5P2w1laq+FkRy4p+PCuVkJSGkzTEKVw==

typescript@^4.4.3:
  version "4.4.3"
  resolved "https://registry.yarnpkg.com/typescript/-/typescript-4.4.3.tgz#bdc5407caa2b109efd4f82fe130656f977a29324"
  integrity sha512-4xfscpisVgqqDfPaJo5vkd+Qd/ItkoagnHpufr+i2QCHBsNYp+G7UAoyFl8aPtx879u38wPV65rZ8qbGZijalA==

vite-plugin-node@^0.0.14:
  version "0.0.14"
  resolved "https://registry.yarnpkg.com/vite-plugin-node/-/vite-plugin-node-0.0.14.tgz#c7d3e0056cf611ad7f603105f127fae77a6b8a8a"
  integrity sha512-pTXeALvji6NJZtvNPWzTHIVSw0OcNwLJodBkjaLSsofsIeeBOmKa8blfpKHLRDKgQpUfD7JrFMNEweA6ISlVDg==
  dependencies:
    "@rollup/pluginutils" "^4.1.0"
    "@swc/core" "^1.2.76"
    chalk "^4.1.0"
    debug "^4.3.1"

vite@^2.5.8:
  version "2.5.8"
  resolved "https://registry.yarnpkg.com/vite/-/vite-2.5.8.tgz#e2da21540411e91cb1c4a62e133c652a787cf116"
  integrity sha512-2GRsLrmMsFI0u31WTtkGbKvEIJO4I9qDltma3QiyDJEk14IzjM35OCElAFHFs2VlL7h2qX5AdHbwfEhnmwhQgw==
  dependencies:
    esbuild "^0.12.17"
    postcss "^8.3.6"
    resolve "^1.20.0"
    rollup "^2.38.5"
  optionalDependencies:
    fsevents "~2.3.2"

zod@^3.8.2:
  version "3.8.2"
  resolved "https://registry.yarnpkg.com/zod/-/zod-3.8.2.tgz#f25b78bc76e64f31318d242e301c23d3d610b7a1"
  integrity sha512-kpwVRACazsOhELVt5h4R2pC2OndrqaBK4+z134TWOsnzn7n2uOYnSyvx0QAn410pl28CgVtkSi5ew7e/AgO0oA==
